
Microsoft Visual Studio Solution File, Format Version 12.00
# Visual Studio Version 16
VisualStudioVersion = 16.0.29609.76
MinimumVisualStudioVersion = 10.0.40219.1
Project("{FAE04EC0-301F-11D3-BF4B-00C04F79EFBC}") = "CustomGoogleAuthentication", "CustomGoogleAuthentication\CustomGoogleAuthentication.csproj", "{04221FD1-9348-4AF4-8EAF-BE5219C1D8AB}"
EndProject
Global
	GlobalSection(SolutionConfigurationPlatforms) = preSolution
		Debug|Any CPU = Debug|Any CPU
		Release|Any CPU = Release|Any CPU
	EndGlobalSection
	GlobalSection(ProjectConfigurationPlatforms) = postSolution
		{04221FD1-9348-4AF4-8EAF-BE5219C1D8AB}.Debug|Any CPU.ActiveCfg = Debug|Any CPU
		{04221FD1-9348-4AF4-8EAF-BE5219C1D8AB}.Debug|Any CPU.Build.0 = Debug|Any CPU
		{04221FD1-9348-4AF4-8EAF-BE5219C1D8AB}.Release|Any CPU.ActiveCfg = Release|Any CPU
		{04221FD1-9348-4AF4-8EAF-BE5219C1D8AB}.Release|Any CPU.Build.0 = Release|Any CPU
	EndGlobalSection
	GlobalSection(SolutionProperties) = preSolution
		HideSolutionNode = FALSE
	EndGlobalSection
	GlobalSection(ExtensibilityGlobals) = postSolution
		SolutionGuid = {B137197F-37F4-4523-97D4-35525D7189C8}
	EndGlobalSection
EndGlobal
